
Microsoft Visual Studio Solution File, Format Version 11.00
# Visual Studio 2010
Project("{FAE04EC0-301F-11D3-BF4B-00C04F79EFBC}") = "ReservasUPN.DAO", "ReservasUPN.DAO\ReservasUPN.DAO.csproj", "{B143049F-6B69-4E66-9B05-D7C181A2B965}"
EndProject
Project("{FAE04EC0-301F-11D3-BF4B-00C04F79EFBC}") = "ReservasUPN.BL", "ReservasUPN.BL\ReservasUPN.BL.csproj", "{CFBE6D2C-B544-42B5-A6EC-73D57DAE11F7}"
EndProject
Project("{FAE04EC0-301F-11D3-BF4B-00C04F79EFBC}") = "ReservasUPN.BE", "ReservasUPN.BE\ReservasUPN.BE.csproj", "{C5F94030-C433-4EF2-97A1-0FA621EEC6FD}"
EndProject
Project("{2150E333-8FDC-42A3-9474-1A3956D46DE8}") = "DAO", "DAO", "{8D3D49C4-8B14-4B37-8991-04C1D148FA5F}"
EndProject
Project("{2150E333-8FDC-42A3-9474-1A3956D46DE8}") = "Negocio", "Negocio", "{CA289A36-0CA3-4BBA-AA09-A65831C9E57C}"
	ProjectSection(SolutionItems) = preProject
		ReservasUPN.BL\UsuarioTipoBL.cs = ReservasUPN.BL\UsuarioTipoBL.cs
	EndProjectSection
EndProject
Project("{FAE04EC0-301F-11D3-BF4B-00C04F79EFBC}") = "ReservasUPN.IBL", "ReservasUPN.IBL\ReservasUPN.IBL.csproj", "{9FB0599D-4BFB-4F6E-9C51-0A0AED85BA73}"
EndProject
Project("{2150E333-8FDC-42A3-9474-1A3956D46DE8}") = "Presentacion", "Presentacion", "{D43EBBAD-44A1-481C-B551-5B655D288839}"
EndProject
Project("{FAE04EC0-301F-11D3-BF4B-00C04F79EFBC}") = "ReservasUPN.IDAO", "ReservasUPN.IDAO\ReservasUPN.IDAO.csproj", "{7A2DD5FE-E97E-45FA-81EC-CE807E7D552C}"
EndProject
Project("{FAE04EC0-301F-11D3-BF4B-00C04F79EFBC}") = "ReservasUPN.Web", "ReservasUPN.Web\ReservasUPN.Web.csproj", "{171A8E33-C7CD-4A1B-B3EF-3A22CFF32283}"
EndProject
Global
	GlobalSection(SolutionConfigurationPlatforms) = preSolution
		Debug|Any CPU = Debug|Any CPU
		Release|Any CPU = Release|Any CPU
	EndGlobalSection
	GlobalSection(ProjectConfigurationPlatforms) = postSolution
		{B143049F-6B69-4E66-9B05-D7C181A2B965}.Debug|Any CPU.ActiveCfg = Debug|Any CPU
		{B143049F-6B69-4E66-9B05-D7C181A2B965}.Debug|Any CPU.Build.0 = Debug|Any CPU
		{B143049F-6B69-4E66-9B05-D7C181A2B965}.Release|Any CPU.ActiveCfg = Release|Any CPU
		{B143049F-6B69-4E66-9B05-D7C181A2B965}.Release|Any CPU.Build.0 = Release|Any CPU
		{CFBE6D2C-B544-42B5-A6EC-73D57DAE11F7}.Debug|Any CPU.ActiveCfg = Debug|Any CPU
		{CFBE6D2C-B544-42B5-A6EC-73D57DAE11F7}.Debug|Any CPU.Build.0 = Debug|Any CPU
		{CFBE6D2C-B544-42B5-A6EC-73D57DAE11F7}.Release|Any CPU.ActiveCfg = Release|Any CPU
		{CFBE6D2C-B544-42B5-A6EC-73D57DAE11F7}.Release|Any CPU.Build.0 = Release|Any CPU
		{C5F94030-C433-4EF2-97A1-0FA621EEC6FD}.Debug|Any CPU.ActiveCfg = Debug|Any CPU
		{C5F94030-C433-4EF2-97A1-0FA621EEC6FD}.Debug|Any CPU.Build.0 = Debug|Any CPU
		{C5F94030-C433-4EF2-97A1-0FA621EEC6FD}.Release|Any CPU.ActiveCfg = Release|Any CPU
		{C5F94030-C433-4EF2-97A1-0FA621EEC6FD}.Release|Any CPU.Build.0 = Release|Any CPU
		{9FB0599D-4BFB-4F6E-9C51-0A0AED85BA73}.Debug|Any CPU.ActiveCfg = Debug|Any CPU
		{9FB0599D-4BFB-4F6E-9C51-0A0AED85BA73}.Debug|Any CPU.Build.0 = Debug|Any CPU
		{9FB0599D-4BFB-4F6E-9C51-0A0AED85BA73}.Release|Any CPU.ActiveCfg = Release|Any CPU
		{9FB0599D-4BFB-4F6E-9C51-0A0AED85BA73}.Release|Any CPU.Build.0 = Release|Any CPU
		{7A2DD5FE-E97E-45FA-81EC-CE807E7D552C}.Debug|Any CPU.ActiveCfg = Debug|Any CPU
		{7A2DD5FE-E97E-45FA-81EC-CE807E7D552C}.Debug|Any CPU.Build.0 = Debug|Any CPU
		{7A2DD5FE-E97E-45FA-81EC-CE807E7D552C}.Release|Any CPU.ActiveCfg = Release|Any CPU
		{7A2DD5FE-E97E-45FA-81EC-CE807E7D552C}.Release|Any CPU.Build.0 = Release|Any CPU
		{171A8E33-C7CD-4A1B-B3EF-3A22CFF32283}.Debug|Any CPU.ActiveCfg = Debug|Any CPU
		{171A8E33-C7CD-4A1B-B3EF-3A22CFF32283}.Debug|Any CPU.Build.0 = Debug|Any CPU
		{171A8E33-C7CD-4A1B-B3EF-3A22CFF32283}.Release|Any CPU.ActiveCfg = Release|Any CPU
		{171A8E33-C7CD-4A1B-B3EF-3A22CFF32283}.Release|Any CPU.Build.0 = Release|Any CPU
	EndGlobalSection
	GlobalSection(SolutionProperties) = preSolution
		HideSolutionNode = FALSE
	EndGlobalSection
	GlobalSection(NestedProjects) = preSolution
		{B143049F-6B69-4E66-9B05-D7C181A2B965} = {8D3D49C4-8B14-4B37-8991-04C1D148FA5F}
		{7A2DD5FE-E97E-45FA-81EC-CE807E7D552C} = {8D3D49C4-8B14-4B37-8991-04C1D148FA5F}
		{C5F94030-C433-4EF2-97A1-0FA621EEC6FD} = {CA289A36-0CA3-4BBA-AA09-A65831C9E57C}
		{CFBE6D2C-B544-42B5-A6EC-73D57DAE11F7} = {CA289A36-0CA3-4BBA-AA09-A65831C9E57C}
		{9FB0599D-4BFB-4F6E-9C51-0A0AED85BA73} = {CA289A36-0CA3-4BBA-AA09-A65831C9E57C}
		{171A8E33-C7CD-4A1B-B3EF-3A22CFF32283} = {D43EBBAD-44A1-481C-B551-5B655D288839}
	EndGlobalSection
EndGlobal
